
Microsoft Visual Studio Solution File, Format Version 12.00
# Visual Studio Version 16
VisualStudioVersion = 16.0.30002.166
MinimumVisualStudioVersion = 10.0.40219.1
Project("{FAE04EC0-301F-11D3-BF4B-00C04F79EFBC}") = "dimmer", "dimmer\dimmer.csproj", "{567A5D6F-17F1-4DE2-9654-38E9E7F1452A}"
EndProject
Global
	GlobalSection(SolutionConfigurationPlatforms) = preSolution
		Debug|Any CPU = Debug|Any CPU
		Release|Any CPU = Release|Any CPU
	EndGlobalSection
	GlobalSection(ProjectConfigurationPlatforms) = postSolution
		{567A5D6F-17F1-4DE2-9654-38E9E7F1452A}.Debug|Any CPU.ActiveCfg = Debug|Any CPU
		{567A5D6F-17F1-4DE2-9654-38E9E7F1452A}.Debug|Any CPU.Build.0 = Debug|Any CPU
		{567A5D6F-17F1-4DE2-9654-38E9E7F1452A}.Release|Any CPU.ActiveCfg = Release|Any CPU
		{567A5D6F-17F1-4DE2-9654-38E9E7F1452A}.Release|Any CPU.Build.0 = Release|Any CPU
	EndGlobalSection
	GlobalSection(SolutionProperties) = preSolution
		HideSolutionNode = FALSE
	EndGlobalSection
	GlobalSection(ExtensibilityGlobals) = postSolution
		SolutionGuid = {A61CFF83-A615-49DA-A338-6B9C3584A322}
	EndGlobalSection
EndGlobal
